
Microsoft Visual Studio Solution File, Format Version 12.00
# Visual Studio 2012
Project("{FAE04EC0-301F-11D3-BF4B-00C04F79EFBC}") = "Test", "Test\Test.csproj", "{C9D89E73-1D28-4DF0-8D63-1E3D1B238A51}"
EndProject
Project("{FAE04EC0-301F-11D3-BF4B-00C04F79EFBC}") = "AWSSimpleDBPersistence.Core", "AWSSimpleDBPersistence\AWSSimpleDBPersistence.Core.csproj", "{9AE7FFE6-05A7-46B4-B80A-EB9EEABEBD70}"
EndProject
Global
	GlobalSection(SolutionConfigurationPlatforms) = preSolution
		Debug|Any CPU = Debug|Any CPU
		Release|Any CPU = Release|Any CPU
		Debug|iPhoneSimulator = Debug|iPhoneSimulator
		Release|iPhoneSimulator = Release|iPhoneSimulator
		Debug|iPhone = Debug|iPhone
		Release|iPhone = Release|iPhone
		Ad-Hoc|iPhone = Ad-Hoc|iPhone
		AppStore|iPhone = AppStore|iPhone
	EndGlobalSection
	GlobalSection(ProjectConfigurationPlatforms) = postSolution
		{9AE7FFE6-05A7-46B4-B80A-EB9EEABEBD70}.Ad-Hoc|iPhone.ActiveCfg = Debug|Any CPU
		{9AE7FFE6-05A7-46B4-B80A-EB9EEABEBD70}.Ad-Hoc|iPhone.Build.0 = Debug|Any CPU
		{9AE7FFE6-05A7-46B4-B80A-EB9EEABEBD70}.AppStore|iPhone.ActiveCfg = Debug|Any CPU
		{9AE7FFE6-05A7-46B4-B80A-EB9EEABEBD70}.AppStore|iPhone.Build.0 = Debug|Any CPU
		{9AE7FFE6-05A7-46B4-B80A-EB9EEABEBD70}.Debug|Any CPU.ActiveCfg = Debug|Any CPU
		{9AE7FFE6-05A7-46B4-B80A-EB9EEABEBD70}.Debug|Any CPU.Build.0 = Debug|Any CPU
		{9AE7FFE6-05A7-46B4-B80A-EB9EEABEBD70}.Debug|iPhone.ActiveCfg = Debug|Any CPU
		{9AE7FFE6-05A7-46B4-B80A-EB9EEABEBD70}.Debug|iPhone.Build.0 = Debug|Any CPU
		{9AE7FFE6-05A7-46B4-B80A-EB9EEABEBD70}.Debug|iPhoneSimulator.ActiveCfg = Debug|Any CPU
		{9AE7FFE6-05A7-46B4-B80A-EB9EEABEBD70}.Debug|iPhoneSimulator.Build.0 = Debug|Any CPU
		{9AE7FFE6-05A7-46B4-B80A-EB9EEABEBD70}.Release|Any CPU.ActiveCfg = Release|Any CPU
		{9AE7FFE6-05A7-46B4-B80A-EB9EEABEBD70}.Release|Any CPU.Build.0 = Release|Any CPU
		{9AE7FFE6-05A7-46B4-B80A-EB9EEABEBD70}.Release|iPhone.ActiveCfg = Release|Any CPU
		{9AE7FFE6-05A7-46B4-B80A-EB9EEABEBD70}.Release|iPhone.Build.0 = Release|Any CPU
		{9AE7FFE6-05A7-46B4-B80A-EB9EEABEBD70}.Release|iPhoneSimulator.ActiveCfg = Release|Any CPU
		{9AE7FFE6-05A7-46B4-B80A-EB9EEABEBD70}.Release|iPhoneSimulator.Build.0 = Release|Any CPU
		{C9D89E73-1D28-4DF0-8D63-1E3D1B238A51}.Ad-Hoc|iPhone.ActiveCfg = Debug|Any CPU
		{C9D89E73-1D28-4DF0-8D63-1E3D1B238A51}.Ad-Hoc|iPhone.Build.0 = Debug|Any CPU
		{C9D89E73-1D28-4DF0-8D63-1E3D1B238A51}.AppStore|iPhone.ActiveCfg = Debug|Any CPU
		{C9D89E73-1D28-4DF0-8D63-1E3D1B238A51}.AppStore|iPhone.Build.0 = Debug|Any CPU
		{C9D89E73-1D28-4DF0-8D63-1E3D1B238A51}.Debug|Any CPU.ActiveCfg = Debug|Any CPU
		{C9D89E73-1D28-4DF0-8D63-1E3D1B238A51}.Debug|Any CPU.Build.0 = Debug|Any CPU
		{C9D89E73-1D28-4DF0-8D63-1E3D1B238A51}.Debug|iPhone.ActiveCfg = Debug|Any CPU
		{C9D89E73-1D28-4DF0-8D63-1E3D1B238A51}.Debug|iPhone.Build.0 = Debug|Any CPU
		{C9D89E73-1D28-4DF0-8D63-1E3D1B238A51}.Debug|iPhoneSimulator.ActiveCfg = Debug|Any CPU
		{C9D89E73-1D28-4DF0-8D63-1E3D1B238A51}.Debug|iPhoneSimulator.Build.0 = Debug|Any CPU
		{C9D89E73-1D28-4DF0-8D63-1E3D1B238A51}.Release|Any CPU.ActiveCfg = Release|Any CPU
		{C9D89E73-1D28-4DF0-8D63-1E3D1B238A51}.Release|Any CPU.Build.0 = Release|Any CPU
		{C9D89E73-1D28-4DF0-8D63-1E3D1B238A51}.Release|iPhone.ActiveCfg = Release|Any CPU
		{C9D89E73-1D28-4DF0-8D63-1E3D1B238A51}.Release|iPhone.Build.0 = Release|Any CPU
		{C9D89E73-1D28-4DF0-8D63-1E3D1B238A51}.Release|iPhoneSimulator.ActiveCfg = Release|Any CPU
		{C9D89E73-1D28-4DF0-8D63-1E3D1B238A51}.Release|iPhoneSimulator.Build.0 = Release|Any CPU
	EndGlobalSection
	GlobalSection(MonoDevelopProperties) = preSolution
		StartupItem = Test\Test.csproj
		Policies = $0
		$0.DotNetNamingPolicy = $1
		$1.DirectoryNamespaceAssociation = None
		$1.ResourceNamePolicy = FileFormatDefault
		$0.TextStylePolicy = $2
		$2.inheritsSet = null
		$2.scope = text/x-csharp
		$0.CSharpFormattingPolicy = $3
		$3.AfterDelegateDeclarationParameterComma = True
		$3.inheritsSet = Mono
		$3.inheritsScope = text/x-csharp
		$3.scope = text/x-csharp
		$0.VersionControlPolicy = $4
		$4.inheritsSet = Mono
		$0.ChangeLogPolicy = $5
		$5.UpdateMode = None
		$5.MessageStyle = $6
		$6.LineAlign = 0
		$5.inheritsSet = Mono
	EndGlobalSection
EndGlobal
