
Microsoft Visual Studio Solution File, Format Version 12.00
# Visual Studio 2012
Project("{FAE04EC0-301F-11D3-BF4B-00C04F79EFBC}") = "SimpleDBPersistence", "SimpleDBPersistence\SimpleDBPersistence.csproj", "{6545E392-67A6-46FC-9B8C-4011A725A1ED}"
EndProject
Project("{FAE04EC0-301F-11D3-BF4B-00C04F79EFBC}") = "SimpleDBTest", "SimpleDBTest\SimpleDBTest.csproj", "{2E3295A0-F304-4BDF-81D9-9206818FC061}"
EndProject
Project("{FAE04EC0-301F-11D3-BF4B-00C04F79EFBC}") = "SimpleDBSample.iOS", "Xamarin Component\samples\SimpleDBSample\SimpleDBSample.iOS\SimpleDBSample.iOS.csproj", "{F12F6081-1365-4E5D-B4A1-6C990EF57538}"
EndProject
Project("{FAE04EC0-301F-11D3-BF4B-00C04F79EFBC}") = "SimpleDBSample.Droid", "Xamarin Component\samples\SimpleDBSample\SimpleDBSample.Droid\SimpleDBSample.Droid.csproj", "{F5C3EECC-4674-4103-987E-20997A43E408}"
EndProject
Project("{D954291E-2A0B-460D-934E-DC6B0785DB48}") = "SimpleDBSample.Core", "Xamarin Component\samples\SimpleDBSample\SimpleDBSample.Core\SimpleDBSample.Core.shproj", "{81BD76C5-A49A-46AB-8DD7-67D00C4B20EA}"
EndProject
Global
	GlobalSection(SolutionConfigurationPlatforms) = preSolution
		Debug|Any CPU = Debug|Any CPU
		Release|Any CPU = Release|Any CPU
		Debug|iPhoneSimulator = Debug|iPhoneSimulator
		Release|iPhoneSimulator = Release|iPhoneSimulator
		Debug|iPhone = Debug|iPhone
		Release|iPhone = Release|iPhone
		Ad-Hoc|iPhone = Ad-Hoc|iPhone
		AppStore|iPhone = AppStore|iPhone
	EndGlobalSection
	GlobalSection(ProjectConfigurationPlatforms) = postSolution
		{2E3295A0-F304-4BDF-81D9-9206818FC061}.Ad-Hoc|iPhone.ActiveCfg = Debug|Any CPU
		{2E3295A0-F304-4BDF-81D9-9206818FC061}.Ad-Hoc|iPhone.Build.0 = Debug|Any CPU
		{2E3295A0-F304-4BDF-81D9-9206818FC061}.AppStore|iPhone.ActiveCfg = Debug|Any CPU
		{2E3295A0-F304-4BDF-81D9-9206818FC061}.AppStore|iPhone.Build.0 = Debug|Any CPU
		{2E3295A0-F304-4BDF-81D9-9206818FC061}.Debug|Any CPU.ActiveCfg = Debug|Any CPU
		{2E3295A0-F304-4BDF-81D9-9206818FC061}.Debug|Any CPU.Build.0 = Debug|Any CPU
		{2E3295A0-F304-4BDF-81D9-9206818FC061}.Debug|iPhone.ActiveCfg = Debug|Any CPU
		{2E3295A0-F304-4BDF-81D9-9206818FC061}.Debug|iPhone.Build.0 = Debug|Any CPU
		{2E3295A0-F304-4BDF-81D9-9206818FC061}.Debug|iPhoneSimulator.ActiveCfg = Debug|Any CPU
		{2E3295A0-F304-4BDF-81D9-9206818FC061}.Debug|iPhoneSimulator.Build.0 = Debug|Any CPU
		{2E3295A0-F304-4BDF-81D9-9206818FC061}.Release|Any CPU.ActiveCfg = Release|Any CPU
		{2E3295A0-F304-4BDF-81D9-9206818FC061}.Release|Any CPU.Build.0 = Release|Any CPU
		{2E3295A0-F304-4BDF-81D9-9206818FC061}.Release|iPhone.ActiveCfg = Release|Any CPU
		{2E3295A0-F304-4BDF-81D9-9206818FC061}.Release|iPhone.Build.0 = Release|Any CPU
		{2E3295A0-F304-4BDF-81D9-9206818FC061}.Release|iPhoneSimulator.ActiveCfg = Release|Any CPU
		{2E3295A0-F304-4BDF-81D9-9206818FC061}.Release|iPhoneSimulator.Build.0 = Release|Any CPU
		{6545E392-67A6-46FC-9B8C-4011A725A1ED}.Ad-Hoc|iPhone.ActiveCfg = Debug|Any CPU
		{6545E392-67A6-46FC-9B8C-4011A725A1ED}.Ad-Hoc|iPhone.Build.0 = Debug|Any CPU
		{6545E392-67A6-46FC-9B8C-4011A725A1ED}.AppStore|iPhone.ActiveCfg = Debug|Any CPU
		{6545E392-67A6-46FC-9B8C-4011A725A1ED}.AppStore|iPhone.Build.0 = Debug|Any CPU
		{6545E392-67A6-46FC-9B8C-4011A725A1ED}.Debug|Any CPU.ActiveCfg = Debug|Any CPU
		{6545E392-67A6-46FC-9B8C-4011A725A1ED}.Debug|Any CPU.Build.0 = Debug|Any CPU
		{6545E392-67A6-46FC-9B8C-4011A725A1ED}.Debug|iPhone.ActiveCfg = Debug|Any CPU
		{6545E392-67A6-46FC-9B8C-4011A725A1ED}.Debug|iPhone.Build.0 = Debug|Any CPU
		{6545E392-67A6-46FC-9B8C-4011A725A1ED}.Debug|iPhoneSimulator.ActiveCfg = Debug|Any CPU
		{6545E392-67A6-46FC-9B8C-4011A725A1ED}.Debug|iPhoneSimulator.Build.0 = Debug|Any CPU
		{6545E392-67A6-46FC-9B8C-4011A725A1ED}.Release|Any CPU.ActiveCfg = Release|Any CPU
		{6545E392-67A6-46FC-9B8C-4011A725A1ED}.Release|Any CPU.Build.0 = Release|Any CPU
		{6545E392-67A6-46FC-9B8C-4011A725A1ED}.Release|iPhone.ActiveCfg = Release|Any CPU
		{6545E392-67A6-46FC-9B8C-4011A725A1ED}.Release|iPhone.Build.0 = Release|Any CPU
		{6545E392-67A6-46FC-9B8C-4011A725A1ED}.Release|iPhoneSimulator.ActiveCfg = Release|Any CPU
		{6545E392-67A6-46FC-9B8C-4011A725A1ED}.Release|iPhoneSimulator.Build.0 = Release|Any CPU
		{F12F6081-1365-4E5D-B4A1-6C990EF57538}.Ad-Hoc|iPhone.ActiveCfg = Ad-Hoc|iPhone
		{F12F6081-1365-4E5D-B4A1-6C990EF57538}.Ad-Hoc|iPhone.Build.0 = Ad-Hoc|iPhone
		{F12F6081-1365-4E5D-B4A1-6C990EF57538}.AppStore|iPhone.ActiveCfg = AppStore|iPhone
		{F12F6081-1365-4E5D-B4A1-6C990EF57538}.AppStore|iPhone.Build.0 = AppStore|iPhone
		{F12F6081-1365-4E5D-B4A1-6C990EF57538}.Debug|Any CPU.ActiveCfg = Debug|iPhoneSimulator
		{F12F6081-1365-4E5D-B4A1-6C990EF57538}.Debug|Any CPU.Build.0 = Debug|iPhoneSimulator
		{F12F6081-1365-4E5D-B4A1-6C990EF57538}.Debug|iPhone.ActiveCfg = Debug|iPhone
		{F12F6081-1365-4E5D-B4A1-6C990EF57538}.Debug|iPhone.Build.0 = Debug|iPhone
		{F12F6081-1365-4E5D-B4A1-6C990EF57538}.Debug|iPhoneSimulator.ActiveCfg = Debug|iPhoneSimulator
		{F12F6081-1365-4E5D-B4A1-6C990EF57538}.Debug|iPhoneSimulator.Build.0 = Debug|iPhoneSimulator
		{F12F6081-1365-4E5D-B4A1-6C990EF57538}.Release|Any CPU.ActiveCfg = Release|iPhoneSimulator
		{F12F6081-1365-4E5D-B4A1-6C990EF57538}.Release|Any CPU.Build.0 = Release|iPhoneSimulator
		{F12F6081-1365-4E5D-B4A1-6C990EF57538}.Release|iPhone.ActiveCfg = Release|iPhone
		{F12F6081-1365-4E5D-B4A1-6C990EF57538}.Release|iPhone.Build.0 = Release|iPhone
		{F12F6081-1365-4E5D-B4A1-6C990EF57538}.Release|iPhoneSimulator.ActiveCfg = Release|iPhoneSimulator
		{F12F6081-1365-4E5D-B4A1-6C990EF57538}.Release|iPhoneSimulator.Build.0 = Release|iPhoneSimulator
		{F5C3EECC-4674-4103-987E-20997A43E408}.Ad-Hoc|iPhone.ActiveCfg = Release|Any CPU
		{F5C3EECC-4674-4103-987E-20997A43E408}.Ad-Hoc|iPhone.Build.0 = Release|Any CPU
		{F5C3EECC-4674-4103-987E-20997A43E408}.AppStore|iPhone.ActiveCfg = Release|Any CPU
		{F5C3EECC-4674-4103-987E-20997A43E408}.AppStore|iPhone.Build.0 = Release|Any CPU
		{F5C3EECC-4674-4103-987E-20997A43E408}.Debug|Any CPU.ActiveCfg = Debug|Any CPU
		{F5C3EECC-4674-4103-987E-20997A43E408}.Debug|Any CPU.Build.0 = Debug|Any CPU
		{F5C3EECC-4674-4103-987E-20997A43E408}.Debug|iPhone.ActiveCfg = Debug|Any CPU
		{F5C3EECC-4674-4103-987E-20997A43E408}.Debug|iPhone.Build.0 = Debug|Any CPU
		{F5C3EECC-4674-4103-987E-20997A43E408}.Debug|iPhoneSimulator.ActiveCfg = Debug|Any CPU
		{F5C3EECC-4674-4103-987E-20997A43E408}.Debug|iPhoneSimulator.Build.0 = Debug|Any CPU
		{F5C3EECC-4674-4103-987E-20997A43E408}.Release|Any CPU.ActiveCfg = Release|Any CPU
		{F5C3EECC-4674-4103-987E-20997A43E408}.Release|Any CPU.Build.0 = Release|Any CPU
		{F5C3EECC-4674-4103-987E-20997A43E408}.Release|iPhone.ActiveCfg = Release|Any CPU
		{F5C3EECC-4674-4103-987E-20997A43E408}.Release|iPhone.Build.0 = Release|Any CPU
		{F5C3EECC-4674-4103-987E-20997A43E408}.Release|iPhoneSimulator.ActiveCfg = Release|Any CPU
		{F5C3EECC-4674-4103-987E-20997A43E408}.Release|iPhoneSimulator.Build.0 = Release|Any CPU
	EndGlobalSection
	GlobalSection(MonoDevelopProperties) = preSolution
		StartupItem = Xamarin Component\samples\SimpleDBSample\SimpleDBSample.iOS\SimpleDBSample.iOS.csproj
	EndGlobalSection
EndGlobal
