
Microsoft Visual Studio Solution File, Format Version 12.00
# Visual Studio 2012
Project("{FAE04EC0-301F-11D3-BF4B-00C04F79EFBC}") = "SimpleDBPersistence", "SimpleDBPersistence\SimpleDBPersistence.csproj", "{6545E392-67A6-46FC-9B8C-4011A725A1ED}"
EndProject
Project("{FAE04EC0-301F-11D3-BF4B-00C04F79EFBC}") = "SimpleDBTest", "SimpleDBTest\SimpleDBTest.csproj", "{2E3295A0-F304-4BDF-81D9-9206818FC061}"
EndProject
Global
	GlobalSection(SolutionConfigurationPlatforms) = preSolution
		Debug|Any CPU = Debug|Any CPU
		Release|Any CPU = Release|Any CPU
	EndGlobalSection
	GlobalSection(ProjectConfigurationPlatforms) = postSolution
		{2E3295A0-F304-4BDF-81D9-9206818FC061}.Debug|Any CPU.ActiveCfg = Debug|Any CPU
		{2E3295A0-F304-4BDF-81D9-9206818FC061}.Debug|Any CPU.Build.0 = Debug|Any CPU
		{2E3295A0-F304-4BDF-81D9-9206818FC061}.Release|Any CPU.ActiveCfg = Release|Any CPU
		{2E3295A0-F304-4BDF-81D9-9206818FC061}.Release|Any CPU.Build.0 = Release|Any CPU
		{6545E392-67A6-46FC-9B8C-4011A725A1ED}.Debug|Any CPU.ActiveCfg = Debug|Any CPU
		{6545E392-67A6-46FC-9B8C-4011A725A1ED}.Debug|Any CPU.Build.0 = Debug|Any CPU
		{6545E392-67A6-46FC-9B8C-4011A725A1ED}.Release|Any CPU.ActiveCfg = Release|Any CPU
		{6545E392-67A6-46FC-9B8C-4011A725A1ED}.Release|Any CPU.Build.0 = Release|Any CPU
	EndGlobalSection
	GlobalSection(MonoDevelopProperties) = preSolution
		StartupItem = SimpleDBPersistence\SimpleDBPersistence.csproj
	EndGlobalSection
EndGlobal
