
Microsoft Visual Studio Solution File, Format Version 12.00
# Visual Studio 2012
Project("{FAE04EC0-301F-11D3-BF4B-00C04F79EFBC}") = "SimpleDBSample.iOS", "SimpleDBSample.iOS\SimpleDBSample.iOS.csproj", "{F12F6081-1365-4E5D-B4A1-6C990EF57538}"
EndProject
Global
	GlobalSection(SolutionConfigurationPlatforms) = preSolution
		Debug|iPhoneSimulator = Debug|iPhoneSimulator
		Release|iPhoneSimulator = Release|iPhoneSimulator
		Debug|iPhone = Debug|iPhone
		Release|iPhone = Release|iPhone
		Ad-Hoc|iPhone = Ad-Hoc|iPhone
		AppStore|iPhone = AppStore|iPhone
	EndGlobalSection
	GlobalSection(ProjectConfigurationPlatforms) = postSolution
		{F12F6081-1365-4E5D-B4A1-6C990EF57538}.Ad-Hoc|iPhone.ActiveCfg = Ad-Hoc|iPhone
		{F12F6081-1365-4E5D-B4A1-6C990EF57538}.Ad-Hoc|iPhone.Build.0 = Ad-Hoc|iPhone
		{F12F6081-1365-4E5D-B4A1-6C990EF57538}.AppStore|iPhone.ActiveCfg = AppStore|iPhone
		{F12F6081-1365-4E5D-B4A1-6C990EF57538}.AppStore|iPhone.Build.0 = AppStore|iPhone
		{F12F6081-1365-4E5D-B4A1-6C990EF57538}.Debug|iPhone.ActiveCfg = Debug|iPhone
		{F12F6081-1365-4E5D-B4A1-6C990EF57538}.Debug|iPhone.Build.0 = Debug|iPhone
		{F12F6081-1365-4E5D-B4A1-6C990EF57538}.Debug|iPhoneSimulator.ActiveCfg = Debug|iPhoneSimulator
		{F12F6081-1365-4E5D-B4A1-6C990EF57538}.Debug|iPhoneSimulator.Build.0 = Debug|iPhoneSimulator
		{F12F6081-1365-4E5D-B4A1-6C990EF57538}.Release|iPhone.ActiveCfg = Release|iPhone
		{F12F6081-1365-4E5D-B4A1-6C990EF57538}.Release|iPhone.Build.0 = Release|iPhone
		{F12F6081-1365-4E5D-B4A1-6C990EF57538}.Release|iPhoneSimulator.ActiveCfg = Release|iPhoneSimulator
		{F12F6081-1365-4E5D-B4A1-6C990EF57538}.Release|iPhoneSimulator.Build.0 = Release|iPhoneSimulator
	EndGlobalSection
	GlobalSection(MonoDevelopProperties) = preSolution
		StartupItem = SimpleDBSample.iOS\SimpleDBSample.iOS.csproj
	EndGlobalSection
EndGlobal
